// !$*UTF8*$!
{
	archiveVersion = 1;
	classes = {
	};
	objectVersion = 46;
	objects = {

/* Begin PBXBuildFile section */
		0F86FAFA1F74EAC800B75286 /* main.m in Sources */ = {isa = PBXBuildFile; fileRef = 0F86FAF91F74EAC800B75286 /* main.m */; };
		0F86FAFD1F74EAC800B75286 /* AppDelegate.m in Sources */ = {isa = PBXBuildFile; fileRef = 0F86FAFC1F74EAC800B75286 /* AppDelegate.m */; };
		0F86FB001F74EAC800B75286 /* ViewController.m in Sources */ = {isa = PBXBuildFile; fileRef = 0F86FAFF1F74EAC800B75286 /* ViewController.m */; };
		0F86FB031F74EAC800B75286 /* Main.storyboard in Resources */ = {isa = PBXBuildFile; fileRef = 0F86FB011F74EAC800B75286 /* Main.storyboard */; };
		0F86FB051F74EAC800B75286 /* Assets.xcassets in Resources */ = {isa = PBXBuildFile; fileRef = 0F86FB041F74EAC800B75286 /* Assets.xcassets */; };
		0F86FB081F74EAC800B75286 /* LaunchScreen.storyboard in Resources */ = {isa = PBXBuildFile; fileRef = 0F86FB061F74EAC800B75286 /* LaunchScreen.storyboard */; };
		0F86FB131F74EAC800B75286 /* DHHttpClientTests.m in Sources */ = {isa = PBXBuildFile; fileRef = 0F86FB121F74EAC800B75286 /* DHHttpClientTests.m */; };
		0F86FB1E1F74EAC800B75286 /* DHHttpClientUITests.m in Sources */ = {isa = PBXBuildFile; fileRef = 0F86FB1D1F74EAC800B75286 /* DHHttpClientUITests.m */; };
		0F86FB2E1F74EB4500B75286 /* DHHttpClient.m in Sources */ = {isa = PBXBuildFile; fileRef = 0F86FB2D1F74EB4500B75286 /* DHHttpClient.m */; };
		0F86FB3D1F74EB7B00B75286 /* AFHTTPSessionManager.m in Sources */ = {isa = PBXBuildFile; fileRef = 0F86FB311F74EB7B00B75286 /* AFHTTPSessionManager.m */; };
		0F86FB3E1F74EB7B00B75286 /* AFNetworkReachabilityManager.m in Sources */ = {isa = PBXBuildFile; fileRef = 0F86FB341F74EB7B00B75286 /* AFNetworkReachabilityManager.m */; };
		0F86FB3F1F74EB7B00B75286 /* AFSecurityPolicy.m in Sources */ = {isa = PBXBuildFile; fileRef = 0F86FB361F74EB7B00B75286 /* AFSecurityPolicy.m */; };
		0F86FB401F74EB7B00B75286 /* AFURLRequestSerialization.m in Sources */ = {isa = PBXBuildFile; fileRef = 0F86FB381F74EB7B00B75286 /* AFURLRequestSerialization.m */; };
		0F86FB411F74EB7B00B75286 /* AFURLResponseSerialization.m in Sources */ = {isa = PBXBuildFile; fileRef = 0F86FB3A1F74EB7B00B75286 /* AFURLResponseSerialization.m */; };
		0F86FB421F74EB7B00B75286 /* AFURLSessionManager.m in Sources */ = {isa = PBXBuildFile; fileRef = 0F86FB3C1F74EB7B00B75286 /* AFURLSessionManager.m */; };
		0F86FB451F74EC8200B75286 /* CFNetwork.framework in Frameworks */ = {isa = PBXBuildFile; fileRef = 0F86FB441F74EC8200B75286 /* CFNetwork.framework */; };
		0F86FB471F74EC8A00B75286 /* Security.framework in Frameworks */ = {isa = PBXBuildFile; fileRef = 0F86FB461F74EC8A00B75286 /* Security.framework */; };
		0F86FB491F74EC9100B75286 /* SystemConfiguration.framework in Frameworks */ = {isa = PBXBuildFile; fileRef = 0F86FB481F74EC9100B75286 /* SystemConfiguration.framework */; };
		0F86FB4B1F74EC9900B75286 /* MobileCoreServices.framework in Frameworks */ = {isa = PBXBuildFile; fileRef = 0F86FB4A1F74EC9900B75286 /* MobileCoreServices.framework */; };
		0F86FB4D1F75040A00B75286 /* 1.jpg in Resources */ = {isa = PBXBuildFile; fileRef = 0F86FB4C1F75040A00B75286 /* 1.jpg */; };
/* End PBXBuildFile section */

/* Begin PBXContainerItemProxy section */
		0F86FB0F1F74EAC800B75286 /* PBXContainerItemProxy */ = {
			isa = PBXContainerItemProxy;
			containerPortal = 0F86FAED1F74EAC800B75286 /* Project object */;
			proxyType = 1;
			remoteGlobalIDString = 0F86FAF41F74EAC800B75286;
			remoteInfo = DHHttpClient;
		};
		0F86FB1A1F74EAC800B75286 /* PBXContainerItemProxy */ = {
			isa = PBXContainerItemProxy;
			containerPortal = 0F86FAED1F74EAC800B75286 /* Project object */;
			proxyType = 1;
			remoteGlobalIDString = 0F86FAF41F74EAC800B75286;
			remoteInfo = DHHttpClient;
		};
/* End PBXContainerItemProxy section */

/* Begin PBXFileReference section */
		0F86FAF51F74EAC800B75286 /* DHHttpClient.app */ = {isa = PBXFileReference; explicitFileType = wrapper.application; includeInIndex = 0; path = DHHttpClient.app; sourceTree = BUILT_PRODUCTS_DIR; };
		0F86FAF91F74EAC800B75286 /* main.m */ = {isa = PBXFileReference; lastKnownFileType = sourcecode.c.objc; path = main.m; sourceTree = "<group>"; };
		0F86FAFB1F74EAC800B75286 /* AppDelegate.h */ = {isa = PBXFileReference; lastKnownFileType = sourcecode.c.h; path = AppDelegate.h; sourceTree = "<group>"; };
		0F86FAFC1F74EAC800B75286 /* AppDelegate.m */ = {isa = PBXFileReference; lastKnownFileType = sourcecode.c.objc; path = AppDelegate.m; sourceTree = "<group>"; };
		0F86FAFE1F74EAC800B75286 /* ViewController.h */ = {isa = PBXFileReference; lastKnownFileType = sourcecode.c.h; path = ViewController.h; sourceTree = "<group>"; };
		0F86FAFF1F74EAC800B75286 /* ViewController.m */ = {isa = PBXFileReference; lastKnownFileType = sourcecode.c.objc; path = ViewController.m; sourceTree = "<group>"; };
		0F86FB021F74EAC800B75286 /* Base */ = {isa = PBXFileReference; lastKnownFileType = file.storyboard; name = Base; path = Base.lproj/Main.storyboard; sourceTree = "<group>"; };
		0F86FB041F74EAC800B75286 /* Assets.xcassets */ = {isa = PBXFileReference; lastKnownFileType = folder.assetcatalog; path = Assets.xcassets; sourceTree = "<group>"; };
		0F86FB071F74EAC800B75286 /* Base */ = {isa = PBXFileReference; lastKnownFileType = file.storyboard; name = Base; path = Base.lproj/LaunchScreen.storyboard; sourceTree = "<group>"; };
		0F86FB091F74EAC800B75286 /* Info.plist */ = {isa = PBXFileReference; lastKnownFileType = text.plist.xml; path = Info.plist; sourceTree = "<group>"; };
		0F86FB0E1F74EAC800B75286 /* DHHttpClientTests.xctest */ = {isa = PBXFileReference; explicitFileType = wrapper.cfbundle; includeInIndex = 0; path = DHHttpClientTests.xctest; sourceTree = BUILT_PRODUCTS_DIR; };
		0F86FB121F74EAC800B75286 /* DHHttpClientTests.m */ = {isa = PBXFileReference; lastKnownFileType = sourcecode.c.objc; path = DHHttpClientTests.m; sourceTree = "<group>"; };
		0F86FB141F74EAC800B75286 /* Info.plist */ = {isa = PBXFileReference; lastKnownFileType = text.plist.xml; path = Info.plist; sourceTree = "<group>"; };
		0F86FB191F74EAC800B75286 /* DHHttpClientUITests.xctest */ = {isa = PBXFileReference; explicitFileType = wrapper.cfbundle; includeInIndex = 0; path = DHHttpClientUITests.xctest; sourceTree = BUILT_PRODUCTS_DIR; };
		0F86FB1D1F74EAC800B75286 /* DHHttpClientUITests.m */ = {isa = PBXFileReference; lastKnownFileType = sourcecode.c.objc; path = DHHttpClientUITests.m; sourceTree = "<group>"; };
		0F86FB1F1F74EAC800B75286 /* Info.plist */ = {isa = PBXFileReference; lastKnownFileType = text.plist.xml; path = Info.plist; sourceTree = "<group>"; };
		0F86FB2C1F74EB4500B75286 /* DHHttpClient.h */ = {isa = PBXFileReference; fileEncoding = 4; lastKnownFileType = sourcecode.c.h; path = DHHttpClient.h; sourceTree = "<group>"; };
		0F86FB2D1F74EB4500B75286 /* DHHttpClient.m */ = {isa = PBXFileReference; fileEncoding = 4; lastKnownFileType = sourcecode.c.objc; path = DHHttpClient.m; sourceTree = "<group>"; };
		0F86FB301F74EB7B00B75286 /* AFHTTPSessionManager.h */ = {isa = PBXFileReference; fileEncoding = 4; lastKnownFileType = sourcecode.c.h; path = AFHTTPSessionManager.h; sourceTree = "<group>"; };
		0F86FB311F74EB7B00B75286 /* AFHTTPSessionManager.m */ = {isa = PBXFileReference; fileEncoding = 4; lastKnownFileType = sourcecode.c.objc; path = AFHTTPSessionManager.m; sourceTree = "<group>"; };
		0F86FB321F74EB7B00B75286 /* AFNetworking.h */ = {isa = PBXFileReference; fileEncoding = 4; lastKnownFileType = sourcecode.c.h; path = AFNetworking.h; sourceTree = "<group>"; };
		0F86FB331F74EB7B00B75286 /* AFNetworkReachabilityManager.h */ = {isa = PBXFileReference; fileEncoding = 4; lastKnownFileType = sourcecode.c.h; path = AFNetworkReachabilityManager.h; sourceTree = "<group>"; };
		0F86FB341F74EB7B00B75286 /* AFNetworkReachabilityManager.m */ = {isa = PBXFileReference; fileEncoding = 4; lastKnownFileType = sourcecode.c.objc; path = AFNetworkReachabilityManager.m; sourceTree = "<group>"; };
		0F86FB351F74EB7B00B75286 /* AFSecurityPolicy.h */ = {isa = PBXFileReference; fileEncoding = 4; lastKnownFileType = sourcecode.c.h; path = AFSecurityPolicy.h; sourceTree = "<group>"; };
		0F86FB361F74EB7B00B75286 /* AFSecurityPolicy.m */ = {isa = PBXFileReference; fileEncoding = 4; lastKnownFileType = sourcecode.c.objc; path = AFSecurityPolicy.m; sourceTree = "<group>"; };
		0F86FB371F74EB7B00B75286 /* AFURLRequestSerialization.h */ = {isa = PBXFileReference; fileEncoding = 4; lastKnownFileType = sourcecode.c.h; path = AFURLRequestSerialization.h; sourceTree = "<group>"; };
		0F86FB381F74EB7B00B75286 /* AFURLRequestSerialization.m */ = {isa = PBXFileReference; fileEncoding = 4; lastKnownFileType = sourcecode.c.objc; path = AFURLRequestSerialization.m; sourceTree = "<group>"; };
		0F86FB391F74EB7B00B75286 /* AFURLResponseSerialization.h */ = {isa = PBXFileReference; fileEncoding = 4; lastKnownFileType = sourcecode.c.h; path = AFURLResponseSerialization.h; sourceTree = "<group>"; };
		0F86FB3A1F74EB7B00B75286 /* AFURLResponseSerialization.m */ = {isa = PBXFileReference; fileEncoding = 4; lastKnownFileType = sourcecode.c.objc; path = AFURLResponseSerialization.m; sourceTree = "<group>"; };
		0F86FB3B1F74EB7B00B75286 /* AFURLSessionManager.h */ = {isa = PBXFileReference; fileEncoding = 4; lastKnownFileType = sourcecode.c.h; path = AFURLSessionManager.h; sourceTree = "<group>"; };
		0F86FB3C1F74EB7B00B75286 /* AFURLSessionManager.m */ = {isa = PBXFileReference; fileEncoding = 4; lastKnownFileType = sourcecode.c.objc; path = AFURLSessionManager.m; sourceTree = "<group>"; };
		0F86FB441F74EC8200B75286 /* CFNetwork.framework */ = {isa = PBXFileReference; lastKnownFileType = wrapper.framework; name = CFNetwork.framework; path = System/Library/Frameworks/CFNetwork.framework; sourceTree = SDKROOT; };
		0F86FB461F74EC8A00B75286 /* Security.framework */ = {isa = PBXFileReference; lastKnownFileType = wrapper.framework; name = Security.framework; path = System/Library/Frameworks/Security.framework; sourceTree = SDKROOT; };
		0F86FB481F74EC9100B75286 /* SystemConfiguration.framework */ = {isa = PBXFileReference; lastKnownFileType = wrapper.framework; name = SystemConfiguration.framework; path = System/Library/Frameworks/SystemConfiguration.framework; sourceTree = SDKROOT; };
		0F86FB4A1F74EC9900B75286 /* MobileCoreServices.framework */ = {isa = PBXFileReference; lastKnownFileType = wrapper.framework; name = MobileCoreServices.framework; path = System/Library/Frameworks/MobileCoreServices.framework; sourceTree = SDKROOT; };
		0F86FB4C1F75040A00B75286 /* 1.jpg */ = {isa = PBXFileReference; lastKnownFileType = image.jpeg; path = 1.jpg; sourceTree = "<group>"; };
/* End PBXFileReference section */

/* Begin PBXFrameworksBuildPhase section */
		0F86FAF21F74EAC800B75286 /* Frameworks */ = {
			isa = PBXFrameworksBuildPhase;
			buildActionMask = 2147483647;
			files = (
				0F86FB4B1F74EC9900B75286 /* MobileCoreServices.framework in Frameworks */,
				0F86FB491F74EC9100B75286 /* SystemConfiguration.framework in Frameworks */,
				0F86FB471F74EC8A00B75286 /* Security.framework in Frameworks */,
				0F86FB451F74EC8200B75286 /* CFNetwork.framework in Frameworks */,
			);
			runOnlyForDeploymentPostprocessing = 0;
		};
		0F86FB0B1F74EAC800B75286 /* Frameworks */ = {
			isa = PBXFrameworksBuildPhase;
			buildActionMask = 2147483647;
			files = (
			);
			runOnlyForDeploymentPostprocessing = 0;
		};
		0F86FB161F74EAC800B75286 /* Frameworks */ = {
			isa = PBXFrameworksBuildPhase;
			buildActionMask = 2147483647;
			files = (
			);
			runOnlyForDeploymentPostprocessing = 0;
		};
/* End PBXFrameworksBuildPhase section */

/* Begin PBXGroup section */
		0F86FAEC1F74EAC800B75286 = {
			isa = PBXGroup;
			children = (
				0F86FB2B1F74EB0E00B75286 /* httpClientSdk */,
				0F86FAF71F74EAC800B75286 /* DHHttpClient */,
				0F86FB111F74EAC800B75286 /* DHHttpClientTests */,
				0F86FB1C1F74EAC800B75286 /* DHHttpClientUITests */,
				0F86FAF61F74EAC800B75286 /* Products */,
				0F86FB431F74EC8200B75286 /* Frameworks */,
			);
			sourceTree = "<group>";
		};
		0F86FAF61F74EAC800B75286 /* Products */ = {
			isa = PBXGroup;
			children = (
				0F86FAF51F74EAC800B75286 /* DHHttpClient.app */,
				0F86FB0E1F74EAC800B75286 /* DHHttpClientTests.xctest */,
				0F86FB191F74EAC800B75286 /* DHHttpClientUITests.xctest */,
			);
			name = Products;
			sourceTree = "<group>";
		};
		0F86FAF71F74EAC800B75286 /* DHHttpClient */ = {
			isa = PBXGroup;
			children = (
				0F86FB4C1F75040A00B75286 /* 1.jpg */,
				0F86FAFB1F74EAC800B75286 /* AppDelegate.h */,
				0F86FAFC1F74EAC800B75286 /* AppDelegate.m */,
				0F86FAFE1F74EAC800B75286 /* ViewController.h */,
				0F86FAFF1F74EAC800B75286 /* ViewController.m */,
				0F86FB011F74EAC800B75286 /* Main.storyboard */,
				0F86FB041F74EAC800B75286 /* Assets.xcassets */,
				0F86FB061F74EAC800B75286 /* LaunchScreen.storyboard */,
				0F86FB091F74EAC800B75286 /* Info.plist */,
				0F86FAF81F74EAC800B75286 /* Supporting Files */,
			);
			path = DHHttpClient;
			sourceTree = "<group>";
		};
		0F86FAF81F74EAC800B75286 /* Supporting Files */ = {
			isa = PBXGroup;
			children = (
				0F86FAF91F74EAC800B75286 /* main.m */,
			);
			name = "Supporting Files";
			sourceTree = "<group>";
		};
		0F86FB111F74EAC800B75286 /* DHHttpClientTests */ = {
			isa = PBXGroup;
			children = (
				0F86FB121F74EAC800B75286 /* DHHttpClientTests.m */,
				0F86FB141F74EAC800B75286 /* Info.plist */,
			);
			path = DHHttpClientTests;
			sourceTree = "<group>";
		};
		0F86FB1C1F74EAC800B75286 /* DHHttpClientUITests */ = {
			isa = PBXGroup;
			children = (
				0F86FB1D1F74EAC800B75286 /* DHHttpClientUITests.m */,
				0F86FB1F1F74EAC800B75286 /* Info.plist */,
			);
			path = DHHttpClientUITests;
			sourceTree = "<group>";
		};
		0F86FB2B1F74EB0E00B75286 /* httpClientSdk */ = {
			isa = PBXGroup;
			children = (
				0F86FB2F1F74EB7B00B75286 /* AFNetworking */,
				0F86FB2C1F74EB4500B75286 /* DHHttpClient.h */,
				0F86FB2D1F74EB4500B75286 /* DHHttpClient.m */,
			);
			path = httpClientSdk;
			sourceTree = "<group>";
		};
		0F86FB2F1F74EB7B00B75286 /* AFNetworking */ = {
			isa = PBXGroup;
			children = (
				0F86FB301F74EB7B00B75286 /* AFHTTPSessionManager.h */,
				0F86FB311F74EB7B00B75286 /* AFHTTPSessionManager.m */,
				0F86FB321F74EB7B00B75286 /* AFNetworking.h */,
				0F86FB331F74EB7B00B75286 /* AFNetworkReachabilityManager.h */,
				0F86FB341F74EB7B00B75286 /* AFNetworkReachabilityManager.m */,
				0F86FB351F74EB7B00B75286 /* AFSecurityPolicy.h */,
				0F86FB361F74EB7B00B75286 /* AFSecurityPolicy.m */,
				0F86FB371F74EB7B00B75286 /* AFURLRequestSerialization.h */,
				0F86FB381F74EB7B00B75286 /* AFURLRequestSerialization.m */,
				0F86FB391F74EB7B00B75286 /* AFURLResponseSerialization.h */,
				0F86FB3A1F74EB7B00B75286 /* AFURLResponseSerialization.m */,
				0F86FB3B1F74EB7B00B75286 /* AFURLSessionManager.h */,
				0F86FB3C1F74EB7B00B75286 /* AFURLSessionManager.m */,
			);
			path = AFNetworking;
			sourceTree = "<group>";
		};
		0F86FB431F74EC8200B75286 /* Frameworks */ = {
			isa = PBXGroup;
			children = (
				0F86FB4A1F74EC9900B75286 /* MobileCoreServices.framework */,
				0F86FB481F74EC9100B75286 /* SystemConfiguration.framework */,
				0F86FB461F74EC8A00B75286 /* Security.framework */,
				0F86FB441F74EC8200B75286 /* CFNetwork.framework */,
			);
			name = Frameworks;
			sourceTree = "<group>";
		};
/* End PBXGroup section */

/* Begin PBXNativeTarget section */
		0F86FAF41F74EAC800B75286 /* DHHttpClient */ = {
			isa = PBXNativeTarget;
			buildConfigurationList = 0F86FB221F74EAC800B75286 /* Build configuration list for PBXNativeTarget "DHHttpClient" */;
			buildPhases = (
				0F86FAF11F74EAC800B75286 /* Sources */,
				0F86FAF21F74EAC800B75286 /* Frameworks */,
				0F86FAF31F74EAC800B75286 /* Resources */,
			);
			buildRules = (
			);
			dependencies = (
			);
			name = DHHttpClient;
			productName = DHHttpClient;
			productReference = 0F86FAF51F74EAC800B75286 /* DHHttpClient.app */;
			productType = "com.apple.product-type.application";
		};
		0F86FB0D1F74EAC800B75286 /* DHHttpClientTests */ = {
			isa = PBXNativeTarget;
			buildConfigurationList = 0F86FB251F74EAC800B75286 /* Build configuration list for PBXNativeTarget "DHHttpClientTests" */;
			buildPhases = (
				0F86FB0A1F74EAC800B75286 /* Sources */,
				0F86FB0B1F74EAC800B75286 /* Frameworks */,
				0F86FB0C1F74EAC800B75286 /* Resources */,
			);
			buildRules = (
			);
			dependencies = (
				0F86FB101F74EAC800B75286 /* PBXTargetDependency */,
			);
			name = DHHttpClientTests;
			productName = DHHttpClientTests;
			productReference = 0F86FB0E1F74EAC800B75286 /* DHHttpClientTests.xctest */;
			productType = "com.apple.product-type.bundle.unit-test";
		};
		0F86FB181F74EAC800B75286 /* DHHttpClientUITests */ = {
			isa = PBXNativeTarget;
			buildConfigurationList = 0F86FB281F74EAC800B75286 /* Build configuration list for PBXNativeTarget "DHHttpClientUITests" */;
			buildPhases = (
				0F86FB151F74EAC800B75286 /* Sources */,
				0F86FB161F74EAC800B75286 /* Frameworks */,
				0F86FB171F74EAC800B75286 /* Resources */,
			);
			buildRules = (
			);
			dependencies = (
				0F86FB1B1F74EAC800B75286 /* PBXTargetDependency */,
			);
			name = DHHttpClientUITests;
			productName = DHHttpClientUITests;
			productReference = 0F86FB191F74EAC800B75286 /* DHHttpClientUITests.xctest */;
			productType = "com.apple.product-type.bundle.ui-testing";
		};
/* End PBXNativeTarget section */

/* Begin PBXProject section */
		0F86FAED1F74EAC800B75286 /* Project object */ = {
			isa = PBXProject;
			attributes = {
				LastUpgradeCheck = 0830;
				ORGANIZATIONNAME = dahe;
				TargetAttributes = {
					0F86FAF41F74EAC800B75286 = {
						CreatedOnToolsVersion = 8.3.3;
						DevelopmentTeam = C9FW7KBUMQ;
						ProvisioningStyle = Automatic;
					};
					0F86FB0D1F74EAC800B75286 = {
						CreatedOnToolsVersion = 8.3.3;
						DevelopmentTeam = C9FW7KBUMQ;
						ProvisioningStyle = Automatic;
						TestTargetID = 0F86FAF41F74EAC800B75286;
					};
					0F86FB181F74EAC800B75286 = {
						CreatedOnToolsVersion = 8.3.3;
						DevelopmentTeam = C9FW7KBUMQ;
						ProvisioningStyle = Automatic;
						TestTargetID = 0F86FAF41F74EAC800B75286;
					};
				};
			};
			buildConfigurationList = 0F86FAF01F74EAC800B75286 /* Build configuration list for PBXProject "DHHttpClient" */;
			compatibilityVersion = "Xcode 3.2";
			developmentRegion = English;
			hasScannedForEncodings = 0;
			knownRegions = (
				en,
				Base,
			);
			mainGroup = 0F86FAEC1F74EAC800B75286;
			productRefGroup = 0F86FAF61F74EAC800B75286 /* Products */;
			projectDirPath = "";
			projectRoot = "";
			targets = (
				0F86FAF41F74EAC800B75286 /* DHHttpClient */,
				0F86FB0D1F74EAC800B75286 /* DHHttpClientTests */,
				0F86FB181F74EAC800B75286 /* DHHttpClientUITests */,
			);
		};
/* End PBXProject section */

/* Begin PBXResourcesBuildPhase section */
		0F86FAF31F74EAC800B75286 /* Resources */ = {
			isa = PBXResourcesBuildPhase;
			buildActionMask = 2147483647;
			files = (
				0F86FB081F74EAC800B75286 /* LaunchScreen.storyboard in Resources */,
				0F86FB4D1F75040A00B75286 /* 1.jpg in Resources */,
				0F86FB051F74EAC800B75286 /* Assets.xcassets in Resources */,
				0F86FB031F74EAC800B75286 /* Main.storyboard in Resources */,
			);
			runOnlyForDeploymentPostprocessing = 0;
		};
		0F86FB0C1F74EAC800B75286 /* Resources */ = {
			isa = PBXResourcesBuildPhase;
			buildActionMask = 2147483647;
			files = (
			);
			runOnlyForDeploymentPostprocessing = 0;
		};
		0F86FB171F74EAC800B75286 /* Resources */ = {
			isa = PBXResourcesBuildPhase;
			buildActionMask = 2147483647;
			files = (
			);
			runOnlyForDeploymentPostprocessing = 0;
		};
/* End PBXResourcesBuildPhase section */

/* Begin PBXSourcesBuildPhase section */
		0F86FAF11F74EAC800B75286 /* Sources */ = {
			isa = PBXSourcesBuildPhase;
			buildActionMask = 2147483647;
			files = (
				0F86FB3F1F74EB7B00B75286 /* AFSecurityPolicy.m in Sources */,
				0F86FB411F74EB7B00B75286 /* AFURLResponseSerialization.m in Sources */,
				0F86FB2E1F74EB4500B75286 /* DHHttpClient.m in Sources */,
				0F86FB001F74EAC800B75286 /* ViewController.m in Sources */,
				0F86FB3D1F74EB7B00B75286 /* AFHTTPSessionManager.m in Sources */,
				0F86FB421F74EB7B00B75286 /* AFURLSessionManager.m in Sources */,
				0F86FAFD1F74EAC800B75286 /* AppDelegate.m in Sources */,
				0F86FB3E1F74EB7B00B75286 /* AFNetworkReachabilityManager.m in Sources */,
				0F86FAFA1F74EAC800B75286 /* main.m in Sources */,
				0F86FB401F74EB7B00B75286 /* AFURLRequestSerialization.m in Sources */,
			);
			runOnlyForDeploymentPostprocessing = 0;
		};
		0F86FB0A1F74EAC800B75286 /* Sources */ = {
			isa = PBXSourcesBuildPhase;
			buildActionMask = 2147483647;
			files = (
				0F86FB131F74EAC800B75286 /* DHHttpClientTests.m in Sources */,
			);
			runOnlyForDeploymentPostprocessing = 0;
		};
		0F86FB151F74EAC800B75286 /* Sources */ = {
			isa = PBXSourcesBuildPhase;
			buildActionMask = 2147483647;
			files = (
				0F86FB1E1F74EAC800B75286 /* DHHttpClientUITests.m in Sources */,
			);
			runOnlyForDeploymentPostprocessing = 0;
		};
/* End PBXSourcesBuildPhase section */

/* Begin PBXTargetDependency section */
		0F86FB101F74EAC800B75286 /* PBXTargetDependency */ = {
			isa = PBXTargetDependency;
			target = 0F86FAF41F74EAC800B75286 /* DHHttpClient */;
			targetProxy = 0F86FB0F1F74EAC800B75286 /* PBXContainerItemProxy */;
		};
		0F86FB1B1F74EAC800B75286 /* PBXTargetDependency */ = {
			isa = PBXTargetDependency;
			target = 0F86FAF41F74EAC800B75286 /* DHHttpClient */;
			targetProxy = 0F86FB1A1F74EAC800B75286 /* PBXContainerItemProxy */;
		};
/* End PBXTargetDependency section */

/* Begin PBXVariantGroup section */
		0F86FB011F74EAC800B75286 /* Main.storyboard */ = {
			isa = PBXVariantGroup;
			children = (
				0F86FB021F74EAC800B75286 /* Base */,
			);
			name = Main.storyboard;
			sourceTree = "<group>";
		};
		0F86FB061F74EAC800B75286 /* LaunchScreen.storyboard */ = {
			isa = PBXVariantGroup;
			children = (
				0F86FB071F74EAC800B75286 /* Base */,
			);
			name = LaunchScreen.storyboard;
			sourceTree = "<group>";
		};
/* End PBXVariantGroup section */

/* Begin XCBuildConfiguration section */
		0F86FB201F74EAC800B75286 /* Debug */ = {
			isa = XCBuildConfiguration;
			buildSettings = {
				ALWAYS_SEARCH_USER_PATHS = NO;
				CLANG_ANALYZER_NONNULL = YES;
				CLANG_ANALYZER_NUMBER_OBJECT_CONVERSION = YES_AGGRESSIVE;
				CLANG_CXX_LANGUAGE_STANDARD = "gnu++0x";
				CLANG_CXX_LIBRARY = "libc++";
				CLANG_ENABLE_MODULES = YES;
				CLANG_ENABLE_OBJC_ARC = YES;
				CLANG_WARN_BOOL_CONVERSION = YES;
				CLANG_WARN_CONSTANT_CONVERSION = YES;
				CLANG_WARN_DIRECT_OBJC_ISA_USAGE = YES_ERROR;
				CLANG_WARN_DOCUMENTATION_COMMENTS = YES;
				CLANG_WARN_EMPTY_BODY = YES;
				CLANG_WARN_ENUM_CONVERSION = YES;
				CLANG_WARN_INFINITE_RECURSION = YES;
				CLANG_WARN_INT_CONVERSION = YES;
				CLANG_WARN_OBJC_ROOT_CLASS = YES_ERROR;
				CLANG_WARN_SUSPICIOUS_MOVE = YES;
				CLANG_WARN_UNREACHABLE_CODE = YES;
				CLANG_WARN__DUPLICATE_METHOD_MATCH = YES;
				"CODE_SIGN_IDENTITY[sdk=iphoneos*]" = "iPhone Developer";
				COPY_PHASE_STRIP = NO;
				DEBUG_INFORMATION_FORMAT = dwarf;
				ENABLE_STRICT_OBJC_MSGSEND = YES;
				ENABLE_TESTABILITY = YES;
				GCC_C_LANGUAGE_STANDARD = gnu99;
				GCC_DYNAMIC_NO_PIC = NO;
				GCC_NO_COMMON_BLOCKS = YES;
				GCC_OPTIMIZATION_LEVEL = 0;
				GCC_PREPROCESSOR_DEFINITIONS = (
					"DEBUG=1",
					"$(inherited)",
				);
				GCC_WARN_64_TO_32_BIT_CONVERSION = YES;
				GCC_WARN_ABOUT_RETURN_TYPE = YES_ERROR;
				GCC_WARN_UNDECLARED_SELECTOR = YES;
				GCC_WARN_UNINITIALIZED_AUTOS = YES_AGGRESSIVE;
				GCC_WARN_UNUSED_FUNCTION = YES;
				GCC_WARN_UNUSED_VARIABLE = YES;
				IPHONEOS_DEPLOYMENT_TARGET = 10.3;
				MTL_ENABLE_DEBUG_INFO = YES;
				ONLY_ACTIVE_ARCH = YES;
				SDKROOT = iphoneos;
				TARGETED_DEVICE_FAMILY = "1,2";
			};
			name = Debug;
		};
		0F86FB211F74EAC800B75286 /* Release */ = {
			isa = XCBuildConfiguration;
			buildSettings = {
				ALWAYS_SEARCH_USER_PATHS = NO;
				CLANG_ANALYZER_NONNULL = YES;
				CLANG_ANALYZER_NUMBER_OBJECT_CONVERSION = YES_AGGRESSIVE;
				CLANG_CXX_LANGUAGE_STANDARD = "gnu++0x";
				CLANG_CXX_LIBRARY = "libc++";
				CLANG_ENABLE_MODULES = YES;
				CLANG_ENABLE_OBJC_ARC = YES;
				CLANG_WARN_BOOL_CONVERSION = YES;
				CLANG_WARN_CONSTANT_CONVERSION = YES;
				CLANG_WARN_DIRECT_OBJC_ISA_USAGE = YES_ERROR;
				CLANG_WARN_DOCUMENTATION_COMMENTS = YES;
				CLANG_WARN_EMPTY_BODY = YES;
				CLANG_WARN_ENUM_CONVERSION = YES;
				CLANG_WARN_INFINITE_RECURSION = YES;
				CLANG_WARN_INT_CONVERSION = YES;
				CLANG_WARN_OBJC_ROOT_CLASS = YES_ERROR;
				CLANG_WARN_SUSPICIOUS_MOVE = YES;
				CLANG_WARN_UNREACHABLE_CODE = YES;
				CLANG_WARN__DUPLICATE_METHOD_MATCH = YES;
				"CODE_SIGN_IDENTITY[sdk=iphoneos*]" = "iPhone Developer";
				COPY_PHASE_STRIP = NO;
				DEBUG_INFORMATION_FORMAT = "dwarf-with-dsym";
				ENABLE_NS_ASSERTIONS = NO;
				ENABLE_STRICT_OBJC_MSGSEND = YES;
				GCC_C_LANGUAGE_STANDARD = gnu99;
				GCC_NO_COMMON_BLOCKS = YES;
				GCC_WARN_64_TO_32_BIT_CONVERSION = YES;
				GCC_WARN_ABOUT_RETURN_TYPE = YES_ERROR;
				GCC_WARN_UNDECLARED_SELECTOR = YES;
				GCC_WARN_UNINITIALIZED_AUTOS = YES_AGGRESSIVE;
				GCC_WARN_UNUSED_FUNCTION = YES;
				GCC_WARN_UNUSED_VARIABLE = YES;
				IPHONEOS_DEPLOYMENT_TARGET = 10.3;
				MTL_ENABLE_DEBUG_INFO = NO;
				SDKROOT = iphoneos;
				TARGETED_DEVICE_FAMILY = "1,2";
				VALIDATE_PRODUCT = YES;
			};
			name = Release;
		};
		0F86FB231F74EAC800B75286 /* Debug */ = {
			isa = XCBuildConfiguration;
			buildSettings = {
				ASSETCATALOG_COMPILER_APPICON_NAME = AppIcon;
				DEVELOPMENT_TEAM = C9FW7KBUMQ;
				INFOPLIST_FILE = DHHttpClient/Info.plist;
				IPHONEOS_DEPLOYMENT_TARGET = 9.2;
				LD_RUNPATH_SEARCH_PATHS = "$(inherited) @executable_path/Frameworks";
				PRODUCT_BUNDLE_IDENTIFIER = cn.dahe.UDID.DHHttpClient;
				PRODUCT_NAME = "$(TARGET_NAME)";
			};
			name = Debug;
		};
		0F86FB241F74EAC800B75286 /* Release */ = {
			isa = XCBuildConfiguration;
			buildSettings = {
				ASSETCATALOG_COMPILER_APPICON_NAME = AppIcon;
				DEVELOPMENT_TEAM = C9FW7KBUMQ;
				INFOPLIST_FILE = DHHttpClient/Info.plist;
				IPHONEOS_DEPLOYMENT_TARGET = 9.2;
				LD_RUNPATH_SEARCH_PATHS = "$(inherited) @executable_path/Frameworks";
				PRODUCT_BUNDLE_IDENTIFIER = cn.dahe.UDID.DHHttpClient;
				PRODUCT_NAME = "$(TARGET_NAME)";
			};
			name = Release;
		};
		0F86FB261F74EAC800B75286 /* Debug */ = {
			isa = XCBuildConfiguration;
			buildSettings = {
				BUNDLE_LOADER = "$(TEST_HOST)";
				DEVELOPMENT_TEAM = C9FW7KBUMQ;
				INFOPLIST_FILE = DHHttpClientTests/Info.plist;
				LD_RUNPATH_SEARCH_PATHS = "$(inherited) @executable_path/Frameworks @loader_path/Frameworks";
				PRODUCT_BUNDLE_IDENTIFIER = cn.dahe.UDID.DHHttpClientTests;
				PRODUCT_NAME = "$(TARGET_NAME)";
				TEST_HOST = "$(BUILT_PRODUCTS_DIR)/DHHttpClient.app/DHHttpClient";
			};
			name = Debug;
		};
		0F86FB271F74EAC800B75286 /* Release */ = {
			isa = XCBuildConfiguration;
			buildSettings = {
				BUNDLE_LOADER = "$(TEST_HOST)";
				DEVELOPMENT_TEAM = C9FW7KBUMQ;
				INFOPLIST_FILE = DHHttpClientTests/Info.plist;
				LD_RUNPATH_SEARCH_PATHS = "$(inherited) @executable_path/Frameworks @loader_path/Frameworks";
				PRODUCT_BUNDLE_IDENTIFIER = cn.dahe.UDID.DHHttpClientTests;
				PRODUCT_NAME = "$(TARGET_NAME)";
				TEST_HOST = "$(BUILT_PRODUCTS_DIR)/DHHttpClient.app/DHHttpClient";
			};
			name = Release;
		};
		0F86FB291F74EAC800B75286 /* Debug */ = {
			isa = XCBuildConfiguration;
			buildSettings = {
				DEVELOPMENT_TEAM = C9FW7KBUMQ;
				INFOPLIST_FILE = DHHttpClientUITests/Info.plist;
				LD_RUNPATH_SEARCH_PATHS = "$(inherited) @executable_path/Frameworks @loader_path/Frameworks";
				PRODUCT_BUNDLE_IDENTIFIER = cn.dahe.UDID.DHHttpClientUITests;
				PRODUCT_NAME = "$(TARGET_NAME)";
				TEST_TARGET_NAME = DHHttpClient;
			};
			name = Debug;
		};
		0F86FB2A1F74EAC800B75286 /* Release */ = {
			isa = XCBuildConfiguration;
			buildSettings = {
				DEVELOPMENT_TEAM = C9FW7KBUMQ;
				INFOPLIST_FILE = DHHttpClientUITests/Info.plist;
				LD_RUNPATH_SEARCH_PATHS = "$(inherited) @executable_path/Frameworks @loader_path/Frameworks";
				PRODUCT_BUNDLE_IDENTIFIER = cn.dahe.UDID.DHHttpClientUITests;
				PRODUCT_NAME = "$(TARGET_NAME)";
				TEST_TARGET_NAME = DHHttpClient;
			};
			name = Release;
		};
/* End XCBuildConfiguration section */

/* Begin XCConfigurationList section */
		0F86FAF01F74EAC800B75286 /* Build configuration list for PBXProject "DHHttpClient" */ = {
			isa = XCConfigurationList;
			buildConfigurations = (
				0F86FB201F74EAC800B75286 /* Debug */,
				0F86FB211F74EAC800B75286 /* Release */,
			);
			defaultConfigurationIsVisible = 0;
			defaultConfigurationName = Release;
		};
		0F86FB221F74EAC800B75286 /* Build configuration list for PBXNativeTarget "DHHttpClient" */ = {
			isa = XCConfigurationList;
			buildConfigurations = (
				0F86FB231F74EAC800B75286 /* Debug */,
				0F86FB241F74EAC800B75286 /* Release */,
			);
			defaultConfigurationIsVisible = 0;
		};
		0F86FB251F74EAC800B75286 /* Build configuration list for PBXNativeTarget "DHHttpClientTests" */ = {
			isa = XCConfigurationList;
			buildConfigurations = (
				0F86FB261F74EAC800B75286 /* Debug */,
				0F86FB271F74EAC800B75286 /* Release */,
			);
			defaultConfigurationIsVisible = 0;
		};
		0F86FB281F74EAC800B75286 /* Build configuration list for PBXNativeTarget "DHHttpClientUITests" */ = {
			isa = XCConfigurationList;
			buildConfigurations = (
				0F86FB291F74EAC800B75286 /* Debug */,
				0F86FB2A1F74EAC800B75286 /* Release */,
			);
			defaultConfigurationIsVisible = 0;
		};
/* End XCConfigurationList section */
	};
	rootObject = 0F86FAED1F74EAC800B75286 /* Project object */;
}
